// !$*UTF8*$!
{
	archiveVersion = 1;
	classes = {
	};
	objectVersion = 46;
	objects = {

/* Begin PBXBuildFile section */
		3015D5E31C0744EE00E071E7 /* ViewController.tableViewConfig in Resources */ = {isa = PBXBuildFile; fileRef = 3015D5E21C0744EE00E071E7 /* ViewController.tableViewConfig */; };
		3015D5E61C07472600E071E7 /* AOZTableViewConfigFileParser.m in Sources */ = {isa = PBXBuildFile; fileRef = 3015D5E51C07472600E071E7 /* AOZTableViewConfigFileParser.m */; };
		304CD2C21C172960000CD302 /* AOZTableViewDefaultSectionParserTest.m in Sources */ = {isa = PBXBuildFile; fileRef = 304CD2C11C172960000CD302 /* AOZTableViewDefaultSectionParserTest.m */; };
		304CD2C31C172979000CD302 /* AOZTableViewProviderUtils.m in Sources */ = {isa = PBXBuildFile; fileRef = 30AC0F4D1C09F93A00B2685B /* AOZTableViewProviderUtils.m */; };
		304CD2C41C17297F000CD302 /* AOZTableViewCell.m in Sources */ = {isa = PBXBuildFile; fileRef = 30AC0F501C09FBAA00B2685B /* AOZTableViewCell.m */; };
		304CD2C51C17298B000CD302 /* AOZTableViewConfigFileParser.m in Sources */ = {isa = PBXBuildFile; fileRef = 3015D5E51C07472600E071E7 /* AOZTableViewConfigFileParser.m */; };
		304CD2C61C172996000CD302 /* AOZTableViewDefaultConfigFileParser.m in Sources */ = {isa = PBXBuildFile; fileRef = 30AC0F531C0A021E00B2685B /* AOZTableViewDefaultConfigFileParser.m */; };
		304CD2C71C17299B000CD302 /* AOZTableViewDefaultConfigFileParserAddons.m in Sources */ = {isa = PBXBuildFile; fileRef = 30AC0F591C0ACB2A00B2685B /* AOZTableViewDefaultConfigFileParserAddons.m */; };
		30A2E3841C219C2B004218DB /* AOZTableViewDefaultConfigDataParserTest.m in Sources */ = {isa = PBXBuildFile; fileRef = 30A2E3831C219C2B004218DB /* AOZTableViewDefaultConfigDataParserTest.m */; };
		30AC0F4E1C09F93A00B2685B /* AOZTableViewProviderUtils.m in Sources */ = {isa = PBXBuildFile; fileRef = 30AC0F4D1C09F93A00B2685B /* AOZTableViewProviderUtils.m */; };
		30AC0F511C09FBAA00B2685B /* AOZTableViewCell.m in Sources */ = {isa = PBXBuildFile; fileRef = 30AC0F501C09FBAA00B2685B /* AOZTableViewCell.m */; };
		30AC0F541C0A021E00B2685B /* AOZTableViewDefaultConfigFileParser.m in Sources */ = {isa = PBXBuildFile; fileRef = 30AC0F531C0A021E00B2685B /* AOZTableViewDefaultConfigFileParser.m */; };
		30AC0F5A1C0ACB2A00B2685B /* AOZTableViewDefaultConfigFileParserAddons.m in Sources */ = {isa = PBXBuildFile; fileRef = 30AC0F591C0ACB2A00B2685B /* AOZTableViewDefaultConfigFileParserAddons.m */; };
		30AC0F5B1C0ACC0300B2685B /* AOZTableViewDefaultConfigFileParserAddons.m in Sources */ = {isa = PBXBuildFile; fileRef = 30AC0F591C0ACB2A00B2685B /* AOZTableViewDefaultConfigFileParserAddons.m */; };
		30AC0F5C1C0ACC0F00B2685B /* AOZTableViewProviderUtils.m in Sources */ = {isa = PBXBuildFile; fileRef = 30AC0F4D1C09F93A00B2685B /* AOZTableViewProviderUtils.m */; };
		30AC0F5D1C0ACC1800B2685B /* AOZTableViewConfigFileParser.m in Sources */ = {isa = PBXBuildFile; fileRef = 3015D5E51C07472600E071E7 /* AOZTableViewConfigFileParser.m */; };
		30AC0F5E1C0ACC2100B2685B /* AOZTableViewDefaultConfigFileParser.m in Sources */ = {isa = PBXBuildFile; fileRef = 30AC0F531C0A021E00B2685B /* AOZTableViewDefaultConfigFileParser.m */; };
		30AC0F601C0ACC6300B2685B /* AOZTableViewDefaultRowParserTest.m in Sources */ = {isa = PBXBuildFile; fileRef = 30AC0F5F1C0ACC6300B2685B /* AOZTableViewDefaultRowParserTest.m */; };
		30AC0F611C0B348D00B2685B /* AOZTableViewCell.m in Sources */ = {isa = PBXBuildFile; fileRef = 30AC0F501C09FBAA00B2685B /* AOZTableViewCell.m */; };
		4ACC11AF1C072CCE00DBAA05 /* main.m in Sources */ = {isa = PBXBuildFile; fileRef = 4ACC11AE1C072CCE00DBAA05 /* main.m */; };
		4ACC11B21C072CCE00DBAA05 /* AppDelegate.m in Sources */ = {isa = PBXBuildFile; fileRef = 4ACC11B11C072CCE00DBAA05 /* AppDelegate.m */; };
		4ACC11B41C072CCE00DBAA05 /* Assets.xcassets in Resources */ = {isa = PBXBuildFile; fileRef = 4ACC11B31C072CCE00DBAA05 /* Assets.xcassets */; };
		4ACC11B71C072CCE00DBAA05 /* LaunchScreen.storyboard in Resources */ = {isa = PBXBuildFile; fileRef = 4ACC11B51C072CCE00DBAA05 /* LaunchScreen.storyboard */; };
		4ACC11CD1C072CCE00DBAA05 /* AOZTableViewProviderUITests.m in Sources */ = {isa = PBXBuildFile; fileRef = 4ACC11CC1C072CCE00DBAA05 /* AOZTableViewProviderUITests.m */; };
		4ACC11DC1C072E0400DBAA05 /* ViewController.m in Sources */ = {isa = PBXBuildFile; fileRef = 4ACC11DB1C072E0400DBAA05 /* ViewController.m */; };
		4ACC11DF1C072E3900DBAA05 /* AOZTableViewProvider.m in Sources */ = {isa = PBXBuildFile; fileRef = 4ACC11DE1C072E3900DBAA05 /* AOZTableViewProvider.m */; };
/* End PBXBuildFile section */

/* Begin PBXContainerItemProxy section */
		4ACC11BE1C072CCE00DBAA05 /* PBXContainerItemProxy */ = {
			isa = PBXContainerItemProxy;
			containerPortal = 4ACC11A21C072CCE00DBAA05 /* Project object */;
			proxyType = 1;
			remoteGlobalIDString = 4ACC11A91C072CCE00DBAA05;
			remoteInfo = AOZTableViewProvider;
		};
		4ACC11C91C072CCE00DBAA05 /* PBXContainerItemProxy */ = {
			isa = PBXContainerItemProxy;
			containerPortal = 4ACC11A21C072CCE00DBAA05 /* Project object */;
			proxyType = 1;
			remoteGlobalIDString = 4ACC11A91C072CCE00DBAA05;
			remoteInfo = AOZTableViewProvider;
		};
/* End PBXContainerItemProxy section */

/* Begin PBXFileReference section */
		3015D5E21C0744EE00E071E7 /* ViewController.tableViewConfig */ = {isa = PBXFileReference; fileEncoding = 4; lastKnownFileType = text; path = ViewController.tableViewConfig; sourceTree = "<group>"; };
		3015D5E41C07472600E071E7 /* AOZTableViewConfigFileParser.h */ = {isa = PBXFileReference; fileEncoding = 4; lastKnownFileType = sourcecode.c.h; path = AOZTableViewConfigFileParser.h; sourceTree = "<group>"; };
		3015D5E51C07472600E071E7 /* AOZTableViewConfigFileParser.m */ = {isa = PBXFileReference; fileEncoding = 4; lastKnownFileType = sourcecode.c.objc; path = AOZTableViewConfigFileParser.m; sourceTree = "<group>"; };
		304CD2C11C172960000CD302 /* AOZTableViewDefaultSectionParserTest.m */ = {isa = PBXFileReference; fileEncoding = 4; lastKnownFileType = sourcecode.c.objc; path = AOZTableViewDefaultSectionParserTest.m; sourceTree = "<group>"; };
		30A2E3831C219C2B004218DB /* AOZTableViewDefaultConfigDataParserTest.m */ = {isa = PBXFileReference; fileEncoding = 4; lastKnownFileType = sourcecode.c.objc; path = AOZTableViewDefaultConfigDataParserTest.m; sourceTree = "<group>"; };
		30AC0F4C1C09F93A00B2685B /* AOZTableViewProviderUtils.h */ = {isa = PBXFileReference; fileEncoding = 4; lastKnownFileType = sourcecode.c.h; path = AOZTableViewProviderUtils.h; sourceTree = "<group>"; };
		30AC0F4D1C09F93A00B2685B /* AOZTableViewProviderUtils.m */ = {isa = PBXFileReference; fileEncoding = 4; lastKnownFileType = sourcecode.c.objc; path = AOZTableViewProviderUtils.m; sourceTree = "<group>"; };
		30AC0F4F1C09FBAA00B2685B /* AOZTableViewCell.h */ = {isa = PBXFileReference; fileEncoding = 4; lastKnownFileType = sourcecode.c.h; path = AOZTableViewCell.h; sourceTree = "<group>"; };
		30AC0F501C09FBAA00B2685B /* AOZTableViewCell.m */ = {isa = PBXFileReference; fileEncoding = 4; lastKnownFileType = sourcecode.c.objc; path = AOZTableViewCell.m; sourceTree = "<group>"; };
		30AC0F521C0A021E00B2685B /* AOZTableViewDefaultConfigFileParser.h */ = {isa = PBXFileReference; fileEncoding = 4; lastKnownFileType = sourcecode.c.h; path = AOZTableViewDefaultConfigFileParser.h; sourceTree = "<group>"; };
		30AC0F531C0A021E00B2685B /* AOZTableViewDefaultConfigFileParser.m */ = {isa = PBXFileReference; fileEncoding = 4; lastKnownFileType = sourcecode.c.objc; path = AOZTableViewDefaultConfigFileParser.m; sourceTree = "<group>"; };
		30AC0F581C0ACB2A00B2685B /* AOZTableViewDefaultConfigFileParserAddons.h */ = {isa = PBXFileReference; fileEncoding = 4; lastKnownFileType = sourcecode.c.h; path = AOZTableViewDefaultConfigFileParserAddons.h; sourceTree = "<group>"; };
		30AC0F591C0ACB2A00B2685B /* AOZTableViewDefaultConfigFileParserAddons.m */ = {isa = PBXFileReference; fileEncoding = 4; lastKnownFileType = sourcecode.c.objc; path = AOZTableViewDefaultConfigFileParserAddons.m; sourceTree = "<group>"; };
		30AC0F5F1C0ACC6300B2685B /* AOZTableViewDefaultRowParserTest.m */ = {isa = PBXFileReference; fileEncoding = 4; lastKnownFileType = sourcecode.c.objc; path = AOZTableViewDefaultRowParserTest.m; sourceTree = "<group>"; };
		4ACC11AA1C072CCE00DBAA05 /* AOZTableViewProvider.app */ = {isa = PBXFileReference; explicitFileType = wrapper.application; includeInIndex = 0; path = AOZTableViewProvider.app; sourceTree = BUILT_PRODUCTS_DIR; };
		4ACC11AE1C072CCE00DBAA05 /* main.m */ = {isa = PBXFileReference; lastKnownFileType = sourcecode.c.objc; path = main.m; sourceTree = "<group>"; };
		4ACC11B01C072CCE00DBAA05 /* AppDelegate.h */ = {isa = PBXFileReference; lastKnownFileType = sourcecode.c.h; path = AppDelegate.h; sourceTree = "<group>"; };
		4ACC11B11C072CCE00DBAA05 /* AppDelegate.m */ = {isa = PBXFileReference; lastKnownFileType = sourcecode.c.objc; path = AppDelegate.m; sourceTree = "<group>"; };
		4ACC11B31C072CCE00DBAA05 /* Assets.xcassets */ = {isa = PBXFileReference; lastKnownFileType = folder.assetcatalog; path = Assets.xcassets; sourceTree = "<group>"; };
		4ACC11B61C072CCE00DBAA05 /* Base */ = {isa = PBXFileReference; lastKnownFileType = file.storyboard; name = Base; path = Base.lproj/LaunchScreen.storyboard; sourceTree = "<group>"; };
		4ACC11B81C072CCE00DBAA05 /* Info.plist */ = {isa = PBXFileReference; lastKnownFileType = text.plist.xml; path = Info.plist; sourceTree = "<group>"; };
		4ACC11BD1C072CCE00DBAA05 /* AOZTableViewProviderTests.xctest */ = {isa = PBXFileReference; explicitFileType = wrapper.cfbundle; includeInIndex = 0; path = AOZTableViewProviderTests.xctest; sourceTree = BUILT_PRODUCTS_DIR; };
		4ACC11C31C072CCE00DBAA05 /* Info.plist */ = {isa = PBXFileReference; lastKnownFileType = text.plist.xml; path = Info.plist; sourceTree = "<group>"; };
		4ACC11C81C072CCE00DBAA05 /* AOZTableViewProviderUITests.xctest */ = {isa = PBXFileReference; explicitFileType = wrapper.cfbundle; includeInIndex = 0; path = AOZTableViewProviderUITests.xctest; sourceTree = BUILT_PRODUCTS_DIR; };
		4ACC11CC1C072CCE00DBAA05 /* AOZTableViewProviderUITests.m */ = {isa = PBXFileReference; lastKnownFileType = sourcecode.c.objc; path = AOZTableViewProviderUITests.m; sourceTree = "<group>"; };
		4ACC11CE1C072CCE00DBAA05 /* Info.plist */ = {isa = PBXFileReference; lastKnownFileType = text.plist.xml; path = Info.plist; sourceTree = "<group>"; };
		4ACC11DA1C072E0400DBAA05 /* ViewController.h */ = {isa = PBXFileReference; fileEncoding = 4; lastKnownFileType = sourcecode.c.h; path = ViewController.h; sourceTree = "<group>"; };
		4ACC11DB1C072E0400DBAA05 /* ViewController.m */ = {isa = PBXFileReference; fileEncoding = 4; lastKnownFileType = sourcecode.c.objc; path = ViewController.m; sourceTree = "<group>"; };
		4ACC11DD1C072E3900DBAA05 /* AOZTableViewProvider.h */ = {isa = PBXFileReference; fileEncoding = 4; lastKnownFileType = sourcecode.c.h; path = AOZTableViewProvider.h; sourceTree = "<group>"; };
		4ACC11DE1C072E3900DBAA05 /* AOZTableViewProvider.m */ = {isa = PBXFileReference; fileEncoding = 4; lastKnownFileType = sourcecode.c.objc; path = AOZTableViewProvider.m; sourceTree = "<group>"; };
/* End PBXFileReference section */

/* Begin PBXFrameworksBuildPhase section */
		4ACC11A71C072CCE00DBAA05 /* Frameworks */ = {
			isa = PBXFrameworksBuildPhase;
			buildActionMask = 2147483647;
			files = (
			);
			runOnlyForDeploymentPostprocessing = 0;
		};
		4ACC11BA1C072CCE00DBAA05 /* Frameworks */ = {
			isa = PBXFrameworksBuildPhase;
			buildActionMask = 2147483647;
			files = (
			);
			runOnlyForDeploymentPostprocessing = 0;
		};
		4ACC11C51C072CCE00DBAA05 /* Frameworks */ = {
			isa = PBXFrameworksBuildPhase;
			buildActionMask = 2147483647;
			files = (
			);
			runOnlyForDeploymentPostprocessing = 0;
		};
/* End PBXFrameworksBuildPhase section */

/* Begin PBXGroup section */
		4ACC11A11C072CCE00DBAA05 = {
			isa = PBXGroup;
			children = (
				4ACC11AC1C072CCE00DBAA05 /* AOZTableViewProvider */,
				4ACC11C01C072CCE00DBAA05 /* AOZTableViewProviderTests */,
				4ACC11CB1C072CCE00DBAA05 /* AOZTableViewProviderUITests */,
				4ACC11AB1C072CCE00DBAA05 /* Products */,
			);
			sourceTree = "<group>";
		};
		4ACC11AB1C072CCE00DBAA05 /* Products */ = {
			isa = PBXGroup;
			children = (
				4ACC11AA1C072CCE00DBAA05 /* AOZTableViewProvider.app */,
				4ACC11BD1C072CCE00DBAA05 /* AOZTableViewProviderTests.xctest */,
				4ACC11C81C072CCE00DBAA05 /* AOZTableViewProviderUITests.xctest */,
			);
			name = Products;
			sourceTree = "<group>";
		};
		4ACC11AC1C072CCE00DBAA05 /* AOZTableViewProvider */ = {
			isa = PBXGroup;
			children = (
				4ACC11B01C072CCE00DBAA05 /* AppDelegate.h */,
				4ACC11B11C072CCE00DBAA05 /* AppDelegate.m */,
				4ACC11DA1C072E0400DBAA05 /* ViewController.h */,
				4ACC11DB1C072E0400DBAA05 /* ViewController.m */,
				4ACC11DD1C072E3900DBAA05 /* AOZTableViewProvider.h */,
				4ACC11DE1C072E3900DBAA05 /* AOZTableViewProvider.m */,
				30AC0F4C1C09F93A00B2685B /* AOZTableViewProviderUtils.h */,
				30AC0F4D1C09F93A00B2685B /* AOZTableViewProviderUtils.m */,
				30AC0F4F1C09FBAA00B2685B /* AOZTableViewCell.h */,
				30AC0F501C09FBAA00B2685B /* AOZTableViewCell.m */,
				3015D5E41C07472600E071E7 /* AOZTableViewConfigFileParser.h */,
				3015D5E51C07472600E071E7 /* AOZTableViewConfigFileParser.m */,
				30AC0F521C0A021E00B2685B /* AOZTableViewDefaultConfigFileParser.h */,
				30AC0F531C0A021E00B2685B /* AOZTableViewDefaultConfigFileParser.m */,
				30AC0F581C0ACB2A00B2685B /* AOZTableViewDefaultConfigFileParserAddons.h */,
				30AC0F591C0ACB2A00B2685B /* AOZTableViewDefaultConfigFileParserAddons.m */,
				3015D5E21C0744EE00E071E7 /* ViewController.tableViewConfig */,
				4ACC11B31C072CCE00DBAA05 /* Assets.xcassets */,
				4ACC11B51C072CCE00DBAA05 /* LaunchScreen.storyboard */,
				4ACC11B81C072CCE00DBAA05 /* Info.plist */,
				4ACC11AD1C072CCE00DBAA05 /* Supporting Files */,
			);
			path = AOZTableViewProvider;
			sourceTree = "<group>";
		};
		4ACC11AD1C072CCE00DBAA05 /* Supporting Files */ = {
			isa = PBXGroup;
			children = (
				4ACC11AE1C072CCE00DBAA05 /* main.m */,
			);
			name = "Supporting Files";
			sourceTree = "<group>";
		};
		4ACC11C01C072CCE00DBAA05 /* AOZTableViewProviderTests */ = {
			isa = PBXGroup;
			children = (
				30A2E3831C219C2B004218DB /* AOZTableViewDefaultConfigDataParserTest.m */,
				30AC0F5F1C0ACC6300B2685B /* AOZTableViewDefaultRowParserTest.m */,
				304CD2C11C172960000CD302 /* AOZTableViewDefaultSectionParserTest.m */,
				4ACC11C31C072CCE00DBAA05 /* Info.plist */,
			);
			path = AOZTableViewProviderTests;
			sourceTree = "<group>";
		};
		4ACC11CB1C072CCE00DBAA05 /* AOZTableViewProviderUITests */ = {
			isa = PBXGroup;
			children = (
				4ACC11CC1C072CCE00DBAA05 /* AOZTableViewProviderUITests.m */,
				4ACC11CE1C072CCE00DBAA05 /* Info.plist */,
			);
			path = AOZTableViewProviderUITests;
			sourceTree = "<group>";
		};
/* End PBXGroup section */

/* Begin PBXNativeTarget section */
		4ACC11A91C072CCE00DBAA05 /* AOZTableViewProvider */ = {
			isa = PBXNativeTarget;
			buildConfigurationList = 4ACC11D11C072CCE00DBAA05 /* Build configuration list for PBXNativeTarget "AOZTableViewProvider" */;
			buildPhases = (
				4ACC11A61C072CCE00DBAA05 /* Sources */,
				4ACC11A71C072CCE00DBAA05 /* Frameworks */,
				4ACC11A81C072CCE00DBAA05 /* Resources */,
			);
			buildRules = (
			);
			dependencies = (
			);
			name = AOZTableViewProvider;
			productName = AOZTableViewProvider;
			productReference = 4ACC11AA1C072CCE00DBAA05 /* AOZTableViewProvider.app */;
			productType = "com.apple.product-type.application";
		};
		4ACC11BC1C072CCE00DBAA05 /* AOZTableViewProviderTests */ = {
			isa = PBXNativeTarget;
			buildConfigurationList = 4ACC11D41C072CCE00DBAA05 /* Build configuration list for PBXNativeTarget "AOZTableViewProviderTests" */;
			buildPhases = (
				4ACC11B91C072CCE00DBAA05 /* Sources */,
				4ACC11BA1C072CCE00DBAA05 /* Frameworks */,
				4ACC11BB1C072CCE00DBAA05 /* Resources */,
			);
			buildRules = (
			);
			dependencies = (
				4ACC11BF1C072CCE00DBAA05 /* PBXTargetDependency */,
			);
			name = AOZTableViewProviderTests;
			productName = AOZTableViewProviderTests;
			productReference = 4ACC11BD1C072CCE00DBAA05 /* AOZTableViewProviderTests.xctest */;
			productType = "com.apple.product-type.bundle.unit-test";
		};
		4ACC11C71C072CCE00DBAA05 /* AOZTableViewProviderUITests */ = {
			isa = PBXNativeTarget;
			buildConfigurationList = 4ACC11D71C072CCE00DBAA05 /* Build configuration list for PBXNativeTarget "AOZTableViewProviderUITests" */;
			buildPhases = (
				4ACC11C41C072CCE00DBAA05 /* Sources */,
				4ACC11C51C072CCE00DBAA05 /* Frameworks */,
				4ACC11C61C072CCE00DBAA05 /* Resources */,
			);
			buildRules = (
			);
			dependencies = (
				4ACC11CA1C072CCE00DBAA05 /* PBXTargetDependency */,
			);
			name = AOZTableViewProviderUITests;
			productName = AOZTableViewProviderUITests;
			productReference = 4ACC11C81C072CCE00DBAA05 /* AOZTableViewProviderUITests.xctest */;
			productType = "com.apple.product-type.bundle.ui-testing";
		};
/* End PBXNativeTarget section */

/* Begin PBXProject section */
		4ACC11A21C072CCE00DBAA05 /* Project object */ = {
			isa = PBXProject;
			attributes = {
				LastUpgradeCheck = 0710;
				ORGANIZATIONNAME = Aozorany;
				TargetAttributes = {
					4ACC11A91C072CCE00DBAA05 = {
						CreatedOnToolsVersion = 7.1.1;
					};
					4ACC11BC1C072CCE00DBAA05 = {
						CreatedOnToolsVersion = 7.1.1;
						TestTargetID = 4ACC11A91C072CCE00DBAA05;
					};
					4ACC11C71C072CCE00DBAA05 = {
						CreatedOnToolsVersion = 7.1.1;
						TestTargetID = 4ACC11A91C072CCE00DBAA05;
					};
				};
			};
			buildConfigurationList = 4ACC11A51C072CCE00DBAA05 /* Build configuration list for PBXProject "AOZTableViewProvider" */;
			compatibilityVersion = "Xcode 3.2";
			developmentRegion = English;
			hasScannedForEncodings = 0;
			knownRegions = (
				en,
				Base,
			);
			mainGroup = 4ACC11A11C072CCE00DBAA05;
			productRefGroup = 4ACC11AB1C072CCE00DBAA05 /* Products */;
			projectDirPath = "";
			projectRoot = "";
			targets = (
				4ACC11A91C072CCE00DBAA05 /* AOZTableViewProvider */,
				4ACC11BC1C072CCE00DBAA05 /* AOZTableViewProviderTests */,
				4ACC11C71C072CCE00DBAA05 /* AOZTableViewProviderUITests */,
			);
		};
/* End PBXProject section */

/* Begin PBXResourcesBuildPhase section */
		4ACC11A81C072CCE00DBAA05 /* Resources */ = {
			isa = PBXResourcesBuildPhase;
			buildActionMask = 2147483647;
			files = (
				3015D5E31C0744EE00E071E7 /* ViewController.tableViewConfig in Resources */,
				4ACC11B41C072CCE00DBAA05 /* Assets.xcassets in Resources */,
				4ACC11B71C072CCE00DBAA05 /* LaunchScreen.storyboard in Resources */,
			);
			runOnlyForDeploymentPostprocessing = 0;
		};
		4ACC11BB1C072CCE00DBAA05 /* Resources */ = {
			isa = PBXResourcesBuildPhase;
			buildActionMask = 2147483647;
			files = (
			);
			runOnlyForDeploymentPostprocessing = 0;
		};
		4ACC11C61C072CCE00DBAA05 /* Resources */ = {
			isa = PBXResourcesBuildPhase;
			buildActionMask = 2147483647;
			files = (
			);
			runOnlyForDeploymentPostprocessing = 0;
		};
/* End PBXResourcesBuildPhase section */

/* Begin PBXSourcesBuildPhase section */
		4ACC11A61C072CCE00DBAA05 /* Sources */ = {
			isa = PBXSourcesBuildPhase;
			buildActionMask = 2147483647;
			files = (
				30AC0F511C09FBAA00B2685B /* AOZTableViewCell.m in Sources */,
				4ACC11DC1C072E0400DBAA05 /* ViewController.m in Sources */,
				30AC0F4E1C09F93A00B2685B /* AOZTableViewProviderUtils.m in Sources */,
				4ACC11DF1C072E3900DBAA05 /* AOZTableViewProvider.m in Sources */,
				4ACC11B21C072CCE00DBAA05 /* AppDelegate.m in Sources */,
				30AC0F5A1C0ACB2A00B2685B /* AOZTableViewDefaultConfigFileParserAddons.m in Sources */,
				30AC0F541C0A021E00B2685B /* AOZTableViewDefaultConfigFileParser.m in Sources */,
				3015D5E61C07472600E071E7 /* AOZTableViewConfigFileParser.m in Sources */,
				4ACC11AF1C072CCE00DBAA05 /* main.m in Sources */,
			);
			runOnlyForDeploymentPostprocessing = 0;
		};
		4ACC11B91C072CCE00DBAA05 /* Sources */ = {
			isa = PBXSourcesBuildPhase;
			buildActionMask = 2147483647;
			files = (
				30AC0F611C0B348D00B2685B /* AOZTableViewCell.m in Sources */,
				30AC0F5B1C0ACC0300B2685B /* AOZTableViewDefaultConfigFileParserAddons.m in Sources */,
				30AC0F5D1C0ACC1800B2685B /* AOZTableViewConfigFileParser.m in Sources */,
				30A2E3841C219C2B004218DB /* AOZTableViewDefaultConfigDataParserTest.m in Sources */,
				30AC0F5E1C0ACC2100B2685B /* AOZTableViewDefaultConfigFileParser.m in Sources */,
				30AC0F5C1C0ACC0F00B2685B /* AOZTableViewProviderUtils.m in Sources */,
				304CD2C21C172960000CD302 /* AOZTableViewDefaultSectionParserTest.m in Sources */,
				30AC0F601C0ACC6300B2685B /* AOZTableViewDefaultRowParserTest.m in Sources */,
			);
			runOnlyForDeploymentPostprocessing = 0;
		};
		4ACC11C41C072CCE00DBAA05 /* Sources */ = {
			isa = PBXSourcesBuildPhase;
			buildActionMask = 2147483647;
			files = (
				4ACC11CD1C072CCE00DBAA05 /* AOZTableViewProviderUITests.m in Sources */,
				304CD2C51C17298B000CD302 /* AOZTableViewConfigFileParser.m in Sources */,
				304CD2C71C17299B000CD302 /* AOZTableViewDefaultConfigFileParserAddons.m in Sources */,
				304CD2C61C172996000CD302 /* AOZTableViewDefaultConfigFileParser.m in Sources */,
				304CD2C41C17297F000CD302 /* AOZTableViewCell.m in Sources */,
				304CD2C31C172979000CD302 /* AOZTableViewProviderUtils.m in Sources */,
			);
			runOnlyForDeploymentPostprocessing = 0;
		};
/* End PBXSourcesBuildPhase section */

/* Begin PBXTargetDependency section */
		4ACC11BF1C072CCE00DBAA05 /* PBXTargetDependency */ = {
			isa = PBXTargetDependency;
			target = 4ACC11A91C072CCE00DBAA05 /* AOZTableViewProvider */;
			targetProxy = 4ACC11BE1C072CCE00DBAA05 /* PBXContainerItemProxy */;
		};
		4ACC11CA1C072CCE00DBAA05 /* PBXTargetDependency */ = {
			isa = PBXTargetDependency;
			target = 4ACC11A91C072CCE00DBAA05 /* AOZTableViewProvider */;
			targetProxy = 4ACC11C91C072CCE00DBAA05 /* PBXContainerItemProxy */;
		};
/* End PBXTargetDependency section */

/* Begin PBXVariantGroup section */
		4ACC11B51C072CCE00DBAA05 /* LaunchScreen.storyboard */ = {
			isa = PBXVariantGroup;
			children = (
				4ACC11B61C072CCE00DBAA05 /* Base */,
			);
			name = LaunchScreen.storyboard;
			sourceTree = "<group>";
		};
/* End PBXVariantGroup section */

/* Begin XCBuildConfiguration section */
		4ACC11CF1C072CCE00DBAA05 /* Debug */ = {
			isa = XCBuildConfiguration;
			buildSettings = {
				ALWAYS_SEARCH_USER_PATHS = NO;
				CLANG_CXX_LANGUAGE_STANDARD = "gnu++0x";
				CLANG_CXX_LIBRARY = "libc++";
				CLANG_ENABLE_MODULES = YES;
				CLANG_ENABLE_OBJC_ARC = YES;
				CLANG_WARN_BOOL_CONVERSION = YES;
				CLANG_WARN_CONSTANT_CONVERSION = YES;
				CLANG_WARN_DIRECT_OBJC_ISA_USAGE = YES_ERROR;
				CLANG_WARN_EMPTY_BODY = YES;
				CLANG_WARN_ENUM_CONVERSION = YES;
				CLANG_WARN_INT_CONVERSION = YES;
				CLANG_WARN_OBJC_ROOT_CLASS = YES_ERROR;
				CLANG_WARN_UNREACHABLE_CODE = YES;
				CLANG_WARN__DUPLICATE_METHOD_MATCH = YES;
				"CODE_SIGN_IDENTITY[sdk=iphoneos*]" = "iPhone Developer";
				COPY_PHASE_STRIP = NO;
				DEBUG_INFORMATION_FORMAT = dwarf;
				ENABLE_STRICT_OBJC_MSGSEND = YES;
				ENABLE_TESTABILITY = YES;
				GCC_C_LANGUAGE_STANDARD = gnu99;
				GCC_DYNAMIC_NO_PIC = NO;
				GCC_NO_COMMON_BLOCKS = YES;
				GCC_OPTIMIZATION_LEVEL = 0;
				GCC_PREPROCESSOR_DEFINITIONS = (
					"DEBUG=1",
					"$(inherited)",
				);
				GCC_WARN_64_TO_32_BIT_CONVERSION = YES;
				GCC_WARN_ABOUT_RETURN_TYPE = YES_ERROR;
				GCC_WARN_UNDECLARED_SELECTOR = YES;
				GCC_WARN_UNINITIALIZED_AUTOS = YES_AGGRESSIVE;
				GCC_WARN_UNUSED_FUNCTION = YES;
				GCC_WARN_UNUSED_VARIABLE = YES;
				IPHONEOS_DEPLOYMENT_TARGET = 9.1;
				MTL_ENABLE_DEBUG_INFO = YES;
				ONLY_ACTIVE_ARCH = YES;
				SDKROOT = iphoneos;
				TARGETED_DEVICE_FAMILY = "1,2";
			};
			name = Debug;
		};
		4ACC11D01C072CCE00DBAA05 /* Release */ = {
			isa = XCBuildConfiguration;
			buildSettings = {
				ALWAYS_SEARCH_USER_PATHS = NO;
				CLANG_CXX_LANGUAGE_STANDARD = "gnu++0x";
				CLANG_CXX_LIBRARY = "libc++";
				CLANG_ENABLE_MODULES = YES;
				CLANG_ENABLE_OBJC_ARC = YES;
				CLANG_WARN_BOOL_CONVERSION = YES;
				CLANG_WARN_CONSTANT_CONVERSION = YES;
				CLANG_WARN_DIRECT_OBJC_ISA_USAGE = YES_ERROR;
				CLANG_WARN_EMPTY_BODY = YES;
				CLANG_WARN_ENUM_CONVERSION = YES;
				CLANG_WARN_INT_CONVERSION = YES;
				CLANG_WARN_OBJC_ROOT_CLASS = YES_ERROR;
				CLANG_WARN_UNREACHABLE_CODE = YES;
				CLANG_WARN__DUPLICATE_METHOD_MATCH = YES;
				"CODE_SIGN_IDENTITY[sdk=iphoneos*]" = "iPhone Developer";
				COPY_PHASE_STRIP = NO;
				DEBUG_INFORMATION_FORMAT = "dwarf-with-dsym";
				ENABLE_NS_ASSERTIONS = NO;
				ENABLE_STRICT_OBJC_MSGSEND = YES;
				GCC_C_LANGUAGE_STANDARD = gnu99;
				GCC_NO_COMMON_BLOCKS = YES;
				GCC_WARN_64_TO_32_BIT_CONVERSION = YES;
				GCC_WARN_ABOUT_RETURN_TYPE = YES_ERROR;
				GCC_WARN_UNDECLARED_SELECTOR = YES;
				GCC_WARN_UNINITIALIZED_AUTOS = YES_AGGRESSIVE;
				GCC_WARN_UNUSED_FUNCTION = YES;
				GCC_WARN_UNUSED_VARIABLE = YES;
				IPHONEOS_DEPLOYMENT_TARGET = 9.1;
				MTL_ENABLE_DEBUG_INFO = NO;
				SDKROOT = iphoneos;
				TARGETED_DEVICE_FAMILY = "1,2";
				VALIDATE_PRODUCT = YES;
			};
			name = Release;
		};
		4ACC11D21C072CCE00DBAA05 /* Debug */ = {
			isa = XCBuildConfiguration;
			buildSettings = {
				ASSETCATALOG_COMPILER_APPICON_NAME = AppIcon;
				INFOPLIST_FILE = AOZTableViewProvider/Info.plist;
				LD_RUNPATH_SEARCH_PATHS = "$(inherited) @executable_path/Frameworks";
				PRODUCT_BUNDLE_IDENTIFIER = com.aozorany.AOZTableViewProvider;
				PRODUCT_NAME = "$(TARGET_NAME)";
			};
			name = Debug;
		};
		4ACC11D31C072CCE00DBAA05 /* Release */ = {
			isa = XCBuildConfiguration;
			buildSettings = {
				ASSETCATALOG_COMPILER_APPICON_NAME = AppIcon;
				INFOPLIST_FILE = AOZTableViewProvider/Info.plist;
				LD_RUNPATH_SEARCH_PATHS = "$(inherited) @executable_path/Frameworks";
				PRODUCT_BUNDLE_IDENTIFIER = com.aozorany.AOZTableViewProvider;
				PRODUCT_NAME = "$(TARGET_NAME)";
			};
			name = Release;
		};
		4ACC11D51C072CCE00DBAA05 /* Debug */ = {
			isa = XCBuildConfiguration;
			buildSettings = {
				BUNDLE_LOADER = "$(TEST_HOST)";
				INFOPLIST_FILE = AOZTableViewProviderTests/Info.plist;
				LD_RUNPATH_SEARCH_PATHS = "$(inherited) @executable_path/Frameworks @loader_path/Frameworks";
				PRODUCT_BUNDLE_IDENTIFIER = com.aozorany.AOZTableViewProviderTests;
				PRODUCT_NAME = "$(TARGET_NAME)";
				TEST_HOST = "$(BUILT_PRODUCTS_DIR)/AOZTableViewProvider.app/AOZTableViewProvider";
			};
			name = Debug;
		};
		4ACC11D61C072CCE00DBAA05 /* Release */ = {
			isa = XCBuildConfiguration;
			buildSettings = {
				BUNDLE_LOADER = "$(TEST_HOST)";
				INFOPLIST_FILE = AOZTableViewProviderTests/Info.plist;
				LD_RUNPATH_SEARCH_PATHS = "$(inherited) @executable_path/Frameworks @loader_path/Frameworks";
				PRODUCT_BUNDLE_IDENTIFIER = com.aozorany.AOZTableViewProviderTests;
				PRODUCT_NAME = "$(TARGET_NAME)";
				TEST_HOST = "$(BUILT_PRODUCTS_DIR)/AOZTableViewProvider.app/AOZTableViewProvider";
			};
			name = Release;
		};
		4ACC11D81C072CCE00DBAA05 /* Debug */ = {
			isa = XCBuildConfiguration;
			buildSettings = {
				INFOPLIST_FILE = AOZTableViewProviderUITests/Info.plist;
				LD_RUNPATH_SEARCH_PATHS = "$(inherited) @executable_path/Frameworks @loader_path/Frameworks";
				PRODUCT_BUNDLE_IDENTIFIER = com.aozorany.AOZTableViewProviderUITests;
				PRODUCT_NAME = "$(TARGET_NAME)";
				TEST_TARGET_NAME = AOZTableViewProvider;
				USES_XCTRUNNER = YES;
			};
			name = Debug;
		};
		4ACC11D91C072CCE00DBAA05 /* Release */ = {
			isa = XCBuildConfiguration;
			buildSettings = {
				INFOPLIST_FILE = AOZTableViewProviderUITests/Info.plist;
				LD_RUNPATH_SEARCH_PATHS = "$(inherited) @executable_path/Frameworks @loader_path/Frameworks";
				PRODUCT_BUNDLE_IDENTIFIER = com.aozorany.AOZTableViewProviderUITests;
				PRODUCT_NAME = "$(TARGET_NAME)";
				TEST_TARGET_NAME = AOZTableViewProvider;
				USES_XCTRUNNER = YES;
			};
			name = Release;
		};
/* End XCBuildConfiguration section */

/* Begin XCConfigurationList section */
		4ACC11A51C072CCE00DBAA05 /* Build configuration list for PBXProject "AOZTableViewProvider" */ = {
			isa = XCConfigurationList;
			buildConfigurations = (
				4ACC11CF1C072CCE00DBAA05 /* Debug */,
				4ACC11D01C072CCE00DBAA05 /* Release */,
			);
			defaultConfigurationIsVisible = 0;
			defaultConfigurationName = Release;
		};
		4ACC11D11C072CCE00DBAA05 /* Build configuration list for PBXNativeTarget "AOZTableViewProvider" */ = {
			isa = XCConfigurationList;
			buildConfigurations = (
				4ACC11D21C072CCE00DBAA05 /* Debug */,
				4ACC11D31C072CCE00DBAA05 /* Release */,
			);
			defaultConfigurationIsVisible = 0;
			defaultConfigurationName = Release;
		};
		4ACC11D41C072CCE00DBAA05 /* Build configuration list for PBXNativeTarget "AOZTableViewProviderTests" */ = {
			isa = XCConfigurationList;
			buildConfigurations = (
				4ACC11D51C072CCE00DBAA05 /* Debug */,
				4ACC11D61C072CCE00DBAA05 /* Release */,
			);
			defaultConfigurationIsVisible = 0;
			defaultConfigurationName = Release;
		};
		4ACC11D71C072CCE00DBAA05 /* Build configuration list for PBXNativeTarget "AOZTableViewProviderUITests" */ = {
			isa = XCConfigurationList;
			buildConfigurations = (
				4ACC11D81C072CCE00DBAA05 /* Debug */,
				4ACC11D91C072CCE00DBAA05 /* Release */,
			);
			defaultConfigurationIsVisible = 0;
			defaultConfigurationName = Release;
		};
/* End XCConfigurationList section */
	};
	rootObject = 4ACC11A21C072CCE00DBAA05 /* Project object */;
}
